
Microsoft Visual Studio Solution File, Format Version 12.00
# Visual Studio Version 17
VisualStudioVersion = 17.14.36603.0 d17.14
MinimumVisualStudioVersion = 10.0.40219.1
Project("{54A90642-561A-4BB1-A94E-469ADEE60C69}") = "prometheusassessment.client", "prometheusassessment.client\prometheusassessment.client.esproj", "{5BD6CDB7-F3B1-D9F4-C942-256092324754}"
EndProject
Project("{FAE04EC0-301F-11D3-BF4B-00C04F79EFBC}") = "PrometheusAssessment.Server", "PrometheusAssessment.Server\PrometheusAssessment.Server.csproj", "{1319E843-AF1A-415C-B1DB-FC3B97C7B115}"
EndProject
Global
	GlobalSection(SolutionConfigurationPlatforms) = preSolution
		Debug|Any CPU = Debug|Any CPU
		Release|Any CPU = Release|Any CPU
	EndGlobalSection
	GlobalSection(ProjectConfigurationPlatforms) = postSolution
		{5BD6CDB7-F3B1-D9F4-C942-256092324754}.Debug|Any CPU.ActiveCfg = Debug|Any CPU
		{5BD6CDB7-F3B1-D9F4-C942-256092324754}.Debug|Any CPU.Build.0 = Debug|Any CPU
		{5BD6CDB7-F3B1-D9F4-C942-256092324754}.Debug|Any CPU.Deploy.0 = Debug|Any CPU
		{5BD6CDB7-F3B1-D9F4-C942-256092324754}.Release|Any CPU.ActiveCfg = Release|Any CPU
		{5BD6CDB7-F3B1-D9F4-C942-256092324754}.Release|Any CPU.Build.0 = Release|Any CPU
		{5BD6CDB7-F3B1-D9F4-C942-256092324754}.Release|Any CPU.Deploy.0 = Release|Any CPU
		{1319E843-AF1A-415C-B1DB-FC3B97C7B115}.Debug|Any CPU.ActiveCfg = Debug|Any CPU
		{1319E843-AF1A-415C-B1DB-FC3B97C7B115}.Debug|Any CPU.Build.0 = Debug|Any CPU
		{1319E843-AF1A-415C-B1DB-FC3B97C7B115}.Release|Any CPU.ActiveCfg = Release|Any CPU
		{1319E843-AF1A-415C-B1DB-FC3B97C7B115}.Release|Any CPU.Build.0 = Release|Any CPU
	EndGlobalSection
	GlobalSection(SolutionProperties) = preSolution
		HideSolutionNode = FALSE
	EndGlobalSection
	GlobalSection(ExtensibilityGlobals) = postSolution
		SolutionGuid = {2DF70B77-C534-4749-9C1A-D92726A450D8}
	EndGlobalSection
EndGlobal
